
Microsoft Visual Studio Solution File, Format Version 12.00
# Visual Studio 15
VisualStudioVersion = 15.0.28307.757
MinimumVisualStudioVersion = 10.0.40219.1
Project("{9A19103F-16F7-4668-BE54-9A1E7A4F7556}") = "Movie.Api", "Movie.Api\Movie.Api.csproj", "{2115DDA2-520C-489B-AA91-5EB339EF1133}"
EndProject
Project("{FAE04EC0-301F-11D3-BF4B-00C04F79EFBC}") = "Movie.Data", "Movie.Data\Movie.Data.csproj", "{ED4555FE-695B-43F9-A0BD-D4010575F906}"
EndProject
Global
	GlobalSection(SolutionConfigurationPlatforms) = preSolution
		Debug|Any CPU = Debug|Any CPU
		Release|Any CPU = Release|Any CPU
	EndGlobalSection
	GlobalSection(ProjectConfigurationPlatforms) = postSolution
		{2115DDA2-520C-489B-AA91-5EB339EF1133}.Debug|Any CPU.ActiveCfg = Debug|Any CPU
		{2115DDA2-520C-489B-AA91-5EB339EF1133}.Debug|Any CPU.Build.0 = Debug|Any CPU
		{2115DDA2-520C-489B-AA91-5EB339EF1133}.Release|Any CPU.ActiveCfg = Release|Any CPU
		{2115DDA2-520C-489B-AA91-5EB339EF1133}.Release|Any CPU.Build.0 = Release|Any CPU
		{ED4555FE-695B-43F9-A0BD-D4010575F906}.Debug|Any CPU.ActiveCfg = Debug|Any CPU
		{ED4555FE-695B-43F9-A0BD-D4010575F906}.Debug|Any CPU.Build.0 = Debug|Any CPU
		{ED4555FE-695B-43F9-A0BD-D4010575F906}.Release|Any CPU.ActiveCfg = Release|Any CPU
		{ED4555FE-695B-43F9-A0BD-D4010575F906}.Release|Any CPU.Build.0 = Release|Any CPU
	EndGlobalSection
	GlobalSection(SolutionProperties) = preSolution
		HideSolutionNode = FALSE
	EndGlobalSection
	GlobalSection(ExtensibilityGlobals) = postSolution
		SolutionGuid = {2F8F4165-BD52-4780-A0F8-101D43EEDFEC}
	EndGlobalSection
EndGlobal
